
Microsoft Visual Studio Solution File, Format Version 12.00
# Visual Studio Version 17
VisualStudioVersion = 17.7.34221.43
MinimumVisualStudioVersion = 10.0.40219.1
Project("{9A19103F-16F7-4668-BE54-9A1E7A4F7556}") = "azurepopchecker", "azurepopchecker.csproj", "{FF1B3DC8-4FDD-494A-827E-EA87864AA6BF}"
EndProject
Global
	GlobalSection(SolutionConfigurationPlatforms) = preSolution
		Debug|Any CPU = Debug|Any CPU
		Release|Any CPU = Release|Any CPU
	EndGlobalSection
	GlobalSection(ProjectConfigurationPlatforms) = postSolution
		{FF1B3DC8-4FDD-494A-827E-EA87864AA6BF}.Debug|Any CPU.ActiveCfg = Debug|Any CPU
		{FF1B3DC8-4FDD-494A-827E-EA87864AA6BF}.Debug|Any CPU.Build.0 = Debug|Any CPU
		{FF1B3DC8-4FDD-494A-827E-EA87864AA6BF}.Release|Any CPU.ActiveCfg = Release|Any CPU
		{FF1B3DC8-4FDD-494A-827E-EA87864AA6BF}.Release|Any CPU.Build.0 = Release|Any CPU
	EndGlobalSection
	GlobalSection(SolutionProperties) = preSolution
		HideSolutionNode = FALSE
	EndGlobalSection
	GlobalSection(ExtensibilityGlobals) = postSolution
		SolutionGuid = {DD3194EB-805F-4032-9B15-9B0F4D0DB443}
	EndGlobalSection
EndGlobal
